
Microsoft Visual Studio Solution File, Format Version 12.00
# Visual Studio Version 16
VisualStudioVersion = 16.0.33927.289
MinimumVisualStudioVersion = 10.0.40219.1
Project("{2150E333-8FDC-42A3-9474-1A3956D46DE8}") = "Task0", "Task0", "{77FB9CAE-0A41-4FBC-B417-85A1FF451160}"
EndProject
Project("{FAE04EC0-301F-11D3-BF4B-00C04F79EFBC}") = "Tyuiu.AbdullinAI.Sprint2.Task0.V30", "Tyuiu.AbdullinAI.Sprint2.Task0.V30\Tyuiu.AbdullinAI.Sprint2.Task0.V30.csproj", "{2F887736-DEA0-450D-8E17-5680DCDF3AEB}"
EndProject
Project("{FAE04EC0-301F-11D3-BF4B-00C04F79EFBC}") = "Tyuiu.AbdullinAI.Sprint2.Task0.V30.Lib", "Tyuiu.AbdullinAI.Sprint2.Task0.V30.Lib\Tyuiu.AbdullinAI.Sprint2.Task0.V30.Lib.csproj", "{CF24DF83-F18D-408A-B9F7-CC24294B4F70}"
EndProject
Project("{FAE04EC0-301F-11D3-BF4B-00C04F79EFBC}") = "Tyuiu.AbdullinAI.Sprint2.Task0.V30.Test", "Tyuiu.AbdullinAI.Sprint2.Task0.V30.Test\Tyuiu.AbdullinAI.Sprint2.Task0.V30.Test.csproj", "{94BF88BB-7020-40B9-83FA-8382F2106D12}"
EndProject
Project("{2150E333-8FDC-42A3-9474-1A3956D46DE8}") = "Task1", "Task1", "{A595FEDB-9975-4ED1-958C-A8D16D4B1CF5}"
EndProject
Project("{FAE04EC0-301F-11D3-BF4B-00C04F79EFBC}") = "Tyuiu.AbdullinAI.Sprint2.Task1.V17", "Tyuiu.AbdullinAI.Sprint2.Task1.V17\Tyuiu.AbdullinAI.Sprint2.Task1.V17.csproj", "{827DEED3-AEE8-44DC-92BE-EF4FE3BE12DD}"
EndProject
Project("{FAE04EC0-301F-11D3-BF4B-00C04F79EFBC}") = "Tyuiu.AbdullinAI.Sprint2.Task1.V17.Lib", "Tyuiu.AbdullinAI.Sprint2.Task1.V17.Lib\Tyuiu.AbdullinAI.Sprint2.Task1.V17.Lib.csproj", "{018229BE-4356-437C-A869-7CD3E7371489}"
EndProject
Project("{FAE04EC0-301F-11D3-BF4B-00C04F79EFBC}") = "Tyuiu.AbdullinAI.Sprint2.Task1.V17.Test", "Tyuiu.AbdullinAI.Sprint2.Task1.V17.Test\Tyuiu.AbdullinAI.Sprint2.Task1.V17.Test.csproj", "{D6E5A27A-973C-4916-A21C-977F6579EF5F}"
EndProject
Project("{2150E333-8FDC-42A3-9474-1A3956D46DE8}") = "Task2", "Task2", "{809A6560-8338-4EAC-97AE-C74DD19977CB}"
EndProject
Project("{FAE04EC0-301F-11D3-BF4B-00C04F79EFBC}") = "Tyuiu.AbdullinAI.Sprint2.Task2.V21", "Tyuiu.AbdullinAI.Sprint2.Task2.V21\Tyuiu.AbdullinAI.Sprint2.Task2.V21.csproj", "{413F93A4-7009-4525-94FF-A13F2EEE5A45}"
EndProject
Project("{FAE04EC0-301F-11D3-BF4B-00C04F79EFBC}") = "Tyuiu.AbdullinAI.Sprint2.Task2.V21.Lib", "Tyuiu.AbdullinAI.Sprint2.Task2.V21.Lib\Tyuiu.AbdullinAI.Sprint2.Task2.V21.Lib.csproj", "{72246F45-86E7-408A-84C8-52B7616FE653}"
EndProject
Project("{FAE04EC0-301F-11D3-BF4B-00C04F79EFBC}") = "Tyuiu.AbdullinAI.Sprint2.Task2.V21.Test", "Tyuiu.AbdullinAI.Sprint2.Task2.V21.Test\Tyuiu.AbdullinAI.Sprint2.Task2.V21.Test.csproj", "{4070501E-0D1B-464E-877D-6C0E026DFCF9}"
EndProject
Project("{2150E333-8FDC-42A3-9474-1A3956D46DE8}") = "Task3", "Task3", "{1422E38A-2897-4FD2-86FA-2DCA047F7A35}"
EndProject
Project("{FAE04EC0-301F-11D3-BF4B-00C04F79EFBC}") = "Tyuiu.AbdullinAI.Sprint2.Task3.V3", "Tyuiu.AbdullinAI.Sprint2.Task3.V3\Tyuiu.AbdullinAI.Sprint2.Task3.V3.csproj", "{46799D1D-FA59-47DB-8AD0-1B7613240662}"
EndProject
Project("{FAE04EC0-301F-11D3-BF4B-00C04F79EFBC}") = "Tyuiu.AbdullinAI.Sprint2.Task3.V3.Lib", "Tyuiu.AbdullinAI.Sprint2.Task3.V3.Lib\Tyuiu.AbdullinAI.Sprint2.Task3.V3.Lib.csproj", "{8B78E4E6-E7ED-432A-803D-00166C976233}"
EndProject
Project("{FAE04EC0-301F-11D3-BF4B-00C04F79EFBC}") = "Tyuiu.AbdullinAI.Sprint2.Task3.V3.Test", "Tyuiu.AbdullinAI.Sprint2.Task3.V3.Test\Tyuiu.AbdullinAI.Sprint2.Task3.V3.Test.csproj", "{9585632D-4575-4443-B54E-3DF65A749577}"
EndProject
Project("{2150E333-8FDC-42A3-9474-1A3956D46DE8}") = "Task4", "Task4", "{22CF7DD4-8A60-4005-B195-0A0CFA2A28D0}"
EndProject
Project("{FAE04EC0-301F-11D3-BF4B-00C04F79EFBC}") = "Tyuiu.AbdullinAI.Sprint2.Task4.V13", "Tyuiu.AbdullinAI.Sprint2.Task4.V13\Tyuiu.AbdullinAI.Sprint2.Task4.V13.csproj", "{F918C933-F261-43E6-94C7-77EA2CDB4332}"
EndProject
Project("{FAE04EC0-301F-11D3-BF4B-00C04F79EFBC}") = "Tyuiu.AbdullinAI.Sprint2.Task4.V13.Lib", "Tyuiu.AbdullinAI.Sprint2.Task4.V13.Lib\Tyuiu.AbdullinAI.Sprint2.Task4.V13.Lib.csproj", "{B067C590-B9C5-48AC-9902-1E9DCF7C89AC}"
EndProject
Project("{FAE04EC0-301F-11D3-BF4B-00C04F79EFBC}") = "Tyuiu.AbdullinAI.Sprint2.Task4.V13.Test", "Tyuiu.AbdullinAI.Sprint2.Task4.V13.Test\Tyuiu.AbdullinAI.Sprint2.Task4.V13.Test.csproj", "{967F3BB2-3884-470B-B4A5-A45E85A53CBC}"
EndProject
Project("{2150E333-8FDC-42A3-9474-1A3956D46DE8}") = "Task5", "Task5", "{6BDCD628-031C-437C-8060-4C7A625C3B52}"
EndProject
Project("{FAE04EC0-301F-11D3-BF4B-00C04F79EFBC}") = "Tyuiu.AbdullinAI.Sprint2.Task5.V9", "Tyuiu.AbdullinAI.Sprint2.Task5.V9\Tyuiu.AbdullinAI.Sprint2.Task5.V9.csproj", "{B9839EB3-96BE-4639-A93C-BFCFC1EBC665}"
EndProject
Project("{FAE04EC0-301F-11D3-BF4B-00C04F79EFBC}") = "Tyuiu.AbdullinAI.Sprint2.Task5.V9.Lib", "Tyuiu.AbdullinAI.Sprint2.Task5.V9.Lib\Tyuiu.AbdullinAI.Sprint2.Task5.V9.Lib.csproj", "{FD815350-9013-4C19-BC37-074BC2B3F8BD}"
EndProject
Project("{FAE04EC0-301F-11D3-BF4B-00C04F79EFBC}") = "Tyuiu.AbdullinAI.Sprint2.Task5.V9.Test", "Tyuiu.AbdullinAI.Sprint2.Task5.V9.Test\Tyuiu.AbdullinAI.Sprint2.Task5.V9.Test.csproj", "{FD5184FC-58F2-40A8-B2EF-61BA19C38B55}"
EndProject
Project("{2150E333-8FDC-42A3-9474-1A3956D46DE8}") = "Task6", "Task6", "{E08A50F7-97BB-4EF1-8E23-2A953EA8EBDA}"
EndProject
Project("{FAE04EC0-301F-11D3-BF4B-00C04F79EFBC}") = "Tyuiu.AbdullinAI.Sprint2.Task6.V6", "Tyuiu.AbdullinAI.Sprint2.Task6.V6\Tyuiu.AbdullinAI.Sprint2.Task6.V6.csproj", "{D9AFEF48-8AE3-427E-BC3E-918D8936384D}"
EndProject
Project("{FAE04EC0-301F-11D3-BF4B-00C04F79EFBC}") = "Tyuiu.AbdullinAI.Sprint2.Task6.V6.Lib", "Tyuiu.AbdullinAI.Sprint2.Task6.V6.Lib\Tyuiu.AbdullinAI.Sprint2.Task6.V6.Lib.csproj", "{610D7805-D39B-4294-8D99-EB5FADF62B85}"
EndProject
Project("{FAE04EC0-301F-11D3-BF4B-00C04F79EFBC}") = "Tyuiu.AbdullinAI.Sprint2.Task6.V6.Test", "Tyuiu.AbdullinAI.Sprint2.Task6.V6.Test\Tyuiu.AbdullinAI.Sprint2.Task6.V6.Test.csproj", "{7CFBB738-9828-4A6F-B2AB-FF2C78CDFD7A}"
EndProject
Global
	GlobalSection(SolutionConfigurationPlatforms) = preSolution
		Debug|Any CPU = Debug|Any CPU
		Release|Any CPU = Release|Any CPU
	EndGlobalSection
	GlobalSection(ProjectConfigurationPlatforms) = postSolution
		{2F887736-DEA0-450D-8E17-5680DCDF3AEB}.Debug|Any CPU.ActiveCfg = Debug|Any CPU
		{2F887736-DEA0-450D-8E17-5680DCDF3AEB}.Debug|Any CPU.Build.0 = Debug|Any CPU
		{2F887736-DEA0-450D-8E17-5680DCDF3AEB}.Release|Any CPU.ActiveCfg = Release|Any CPU
		{2F887736-DEA0-450D-8E17-5680DCDF3AEB}.Release|Any CPU.Build.0 = Release|Any CPU
		{CF24DF83-F18D-408A-B9F7-CC24294B4F70}.Debug|Any CPU.ActiveCfg = Debug|Any CPU
		{CF24DF83-F18D-408A-B9F7-CC24294B4F70}.Debug|Any CPU.Build.0 = Debug|Any CPU
		{CF24DF83-F18D-408A-B9F7-CC24294B4F70}.Release|Any CPU.ActiveCfg = Release|Any CPU
		{CF24DF83-F18D-408A-B9F7-CC24294B4F70}.Release|Any CPU.Build.0 = Release|Any CPU
		{94BF88BB-7020-40B9-83FA-8382F2106D12}.Debug|Any CPU.ActiveCfg = Debug|Any CPU
		{94BF88BB-7020-40B9-83FA-8382F2106D12}.Debug|Any CPU.Build.0 = Debug|Any CPU
		{94BF88BB-7020-40B9-83FA-8382F2106D12}.Release|Any CPU.ActiveCfg = Release|Any CPU
		{94BF88BB-7020-40B9-83FA-8382F2106D12}.Release|Any CPU.Build.0 = Release|Any CPU
		{827DEED3-AEE8-44DC-92BE-EF4FE3BE12DD}.Debug|Any CPU.ActiveCfg = Debug|Any CPU
		{827DEED3-AEE8-44DC-92BE-EF4FE3BE12DD}.Debug|Any CPU.Build.0 = Debug|Any CPU
		{827DEED3-AEE8-44DC-92BE-EF4FE3BE12DD}.Release|Any CPU.ActiveCfg = Release|Any CPU
		{827DEED3-AEE8-44DC-92BE-EF4FE3BE12DD}.Release|Any CPU.Build.0 = Release|Any CPU
		{018229BE-4356-437C-A869-7CD3E7371489}.Debug|Any CPU.ActiveCfg = Debug|Any CPU
		{018229BE-4356-437C-A869-7CD3E7371489}.Debug|Any CPU.Build.0 = Debug|Any CPU
		{018229BE-4356-437C-A869-7CD3E7371489}.Release|Any CPU.ActiveCfg = Release|Any CPU
		{018229BE-4356-437C-A869-7CD3E7371489}.Release|Any CPU.Build.0 = Release|Any CPU
		{D6E5A27A-973C-4916-A21C-977F6579EF5F}.Debug|Any CPU.ActiveCfg = Debug|Any CPU
		{D6E5A27A-973C-4916-A21C-977F6579EF5F}.Debug|Any CPU.Build.0 = Debug|Any CPU
		{D6E5A27A-973C-4916-A21C-977F6579EF5F}.Release|Any CPU.ActiveCfg = Release|Any CPU
		{D6E5A27A-973C-4916-A21C-977F6579EF5F}.Release|Any CPU.Build.0 = Release|Any CPU
		{413F93A4-7009-4525-94FF-A13F2EEE5A45}.Debug|Any CPU.ActiveCfg = Debug|Any CPU
		{413F93A4-7009-4525-94FF-A13F2EEE5A45}.Debug|Any CPU.Build.0 = Debug|Any CPU
		{413F93A4-7009-4525-94FF-A13F2EEE5A45}.Release|Any CPU.ActiveCfg = Release|Any CPU
		{413F93A4-7009-4525-94FF-A13F2EEE5A45}.Release|Any CPU.Build.0 = Release|Any CPU
		{72246F45-86E7-408A-84C8-52B7616FE653}.Debug|Any CPU.ActiveCfg = Debug|Any CPU
		{72246F45-86E7-408A-84C8-52B7616FE653}.Debug|Any CPU.Build.0 = Debug|Any CPU
		{72246F45-86E7-408A-84C8-52B7616FE653}.Release|Any CPU.ActiveCfg = Release|Any CPU
		{72246F45-86E7-408A-84C8-52B7616FE653}.Release|Any CPU.Build.0 = Release|Any CPU
		{4070501E-0D1B-464E-877D-6C0E026DFCF9}.Debug|Any CPU.ActiveCfg = Debug|Any CPU
		{4070501E-0D1B-464E-877D-6C0E026DFCF9}.Debug|Any CPU.Build.0 = Debug|Any CPU
		{4070501E-0D1B-464E-877D-6C0E026DFCF9}.Release|Any CPU.ActiveCfg = Release|Any CPU
		{4070501E-0D1B-464E-877D-6C0E026DFCF9}.Release|Any CPU.Build.0 = Release|Any CPU
		{46799D1D-FA59-47DB-8AD0-1B7613240662}.Debug|Any CPU.ActiveCfg = Debug|Any CPU
		{46799D1D-FA59-47DB-8AD0-1B7613240662}.Debug|Any CPU.Build.0 = Debug|Any CPU
		{46799D1D-FA59-47DB-8AD0-1B7613240662}.Release|Any CPU.ActiveCfg = Release|Any CPU
		{46799D1D-FA59-47DB-8AD0-1B7613240662}.Release|Any CPU.Build.0 = Release|Any CPU
		{8B78E4E6-E7ED-432A-803D-00166C976233}.Debug|Any CPU.ActiveCfg = Debug|Any CPU
		{8B78E4E6-E7ED-432A-803D-00166C976233}.Debug|Any CPU.Build.0 = Debug|Any CPU
		{8B78E4E6-E7ED-432A-803D-00166C976233}.Release|Any CPU.ActiveCfg = Release|Any CPU
		{8B78E4E6-E7ED-432A-803D-00166C976233}.Release|Any CPU.Build.0 = Release|Any CPU
		{9585632D-4575-4443-B54E-3DF65A749577}.Debug|Any CPU.ActiveCfg = Debug|Any CPU
		{9585632D-4575-4443-B54E-3DF65A749577}.Debug|Any CPU.Build.0 = Debug|Any CPU
		{9585632D-4575-4443-B54E-3DF65A749577}.Release|Any CPU.ActiveCfg = Release|Any CPU
		{9585632D-4575-4443-B54E-3DF65A749577}.Release|Any CPU.Build.0 = Release|Any CPU
		{F918C933-F261-43E6-94C7-77EA2CDB4332}.Debug|Any CPU.ActiveCfg = Debug|Any CPU
		{F918C933-F261-43E6-94C7-77EA2CDB4332}.Debug|Any CPU.Build.0 = Debug|Any CPU
		{F918C933-F261-43E6-94C7-77EA2CDB4332}.Release|Any CPU.ActiveCfg = Release|Any CPU
		{F918C933-F261-43E6-94C7-77EA2CDB4332}.Release|Any CPU.Build.0 = Release|Any CPU
		{B067C590-B9C5-48AC-9902-1E9DCF7C89AC}.Debug|Any CPU.ActiveCfg = Debug|Any CPU
		{B067C590-B9C5-48AC-9902-1E9DCF7C89AC}.Debug|Any CPU.Build.0 = Debug|Any CPU
		{B067C590-B9C5-48AC-9902-1E9DCF7C89AC}.Release|Any CPU.ActiveCfg = Release|Any CPU
		{B067C590-B9C5-48AC-9902-1E9DCF7C89AC}.Release|Any CPU.Build.0 = Release|Any CPU
		{967F3BB2-3884-470B-B4A5-A45E85A53CBC}.Debug|Any CPU.ActiveCfg = Debug|Any CPU
		{967F3BB2-3884-470B-B4A5-A45E85A53CBC}.Debug|Any CPU.Build.0 = Debug|Any CPU
		{967F3BB2-3884-470B-B4A5-A45E85A53CBC}.Release|Any CPU.ActiveCfg = Release|Any CPU
		{967F3BB2-3884-470B-B4A5-A45E85A53CBC}.Release|Any CPU.Build.0 = Release|Any CPU
		{B9839EB3-96BE-4639-A93C-BFCFC1EBC665}.Debug|Any CPU.ActiveCfg = Debug|Any CPU
		{B9839EB3-96BE-4639-A93C-BFCFC1EBC665}.Debug|Any CPU.Build.0 = Debug|Any CPU
		{B9839EB3-96BE-4639-A93C-BFCFC1EBC665}.Release|Any CPU.ActiveCfg = Release|Any CPU
		{B9839EB3-96BE-4639-A93C-BFCFC1EBC665}.Release|Any CPU.Build.0 = Release|Any CPU
		{FD815350-9013-4C19-BC37-074BC2B3F8BD}.Debug|Any CPU.ActiveCfg = Debug|Any CPU
		{FD815350-9013-4C19-BC37-074BC2B3F8BD}.Debug|Any CPU.Build.0 = Debug|Any CPU
		{FD815350-9013-4C19-BC37-074BC2B3F8BD}.Release|Any CPU.ActiveCfg = Release|Any CPU
		{FD815350-9013-4C19-BC37-074BC2B3F8BD}.Release|Any CPU.Build.0 = Release|Any CPU
		{FD5184FC-58F2-40A8-B2EF-61BA19C38B55}.Debug|Any CPU.ActiveCfg = Debug|Any CPU
		{FD5184FC-58F2-40A8-B2EF-61BA19C38B55}.Debug|Any CPU.Build.0 = Debug|Any CPU
		{FD5184FC-58F2-40A8-B2EF-61BA19C38B55}.Release|Any CPU.ActiveCfg = Release|Any CPU
		{FD5184FC-58F2-40A8-B2EF-61BA19C38B55}.Release|Any CPU.Build.0 = Release|Any CPU
		{D9AFEF48-8AE3-427E-BC3E-918D8936384D}.Debug|Any CPU.ActiveCfg = Debug|Any CPU
		{D9AFEF48-8AE3-427E-BC3E-918D8936384D}.Debug|Any CPU.Build.0 = Debug|Any CPU
		{D9AFEF48-8AE3-427E-BC3E-918D8936384D}.Release|Any CPU.ActiveCfg = Release|Any CPU
		{D9AFEF48-8AE3-427E-BC3E-918D8936384D}.Release|Any CPU.Build.0 = Release|Any CPU
		{610D7805-D39B-4294-8D99-EB5FADF62B85}.Debug|Any CPU.ActiveCfg = Debug|Any CPU
		{610D7805-D39B-4294-8D99-EB5FADF62B85}.Debug|Any CPU.Build.0 = Debug|Any CPU
		{610D7805-D39B-4294-8D99-EB5FADF62B85}.Release|Any CPU.ActiveCfg = Release|Any CPU
		{610D7805-D39B-4294-8D99-EB5FADF62B85}.Release|Any CPU.Build.0 = Release|Any CPU
		{7CFBB738-9828-4A6F-B2AB-FF2C78CDFD7A}.Debug|Any CPU.ActiveCfg = Debug|Any CPU
		{7CFBB738-9828-4A6F-B2AB-FF2C78CDFD7A}.Debug|Any CPU.Build.0 = Debug|Any CPU
		{7CFBB738-9828-4A6F-B2AB-FF2C78CDFD7A}.Release|Any CPU.ActiveCfg = Release|Any CPU
		{7CFBB738-9828-4A6F-B2AB-FF2C78CDFD7A}.Release|Any CPU.Build.0 = Release|Any CPU
	EndGlobalSection
	GlobalSection(SolutionProperties) = preSolution
		HideSolutionNode = FALSE
	EndGlobalSection
	GlobalSection(NestedProjects) = preSolution
		{2F887736-DEA0-450D-8E17-5680DCDF3AEB} = {77FB9CAE-0A41-4FBC-B417-85A1FF451160}
		{CF24DF83-F18D-408A-B9F7-CC24294B4F70} = {77FB9CAE-0A41-4FBC-B417-85A1FF451160}
		{94BF88BB-7020-40B9-83FA-8382F2106D12} = {77FB9CAE-0A41-4FBC-B417-85A1FF451160}
		{827DEED3-AEE8-44DC-92BE-EF4FE3BE12DD} = {A595FEDB-9975-4ED1-958C-A8D16D4B1CF5}
		{018229BE-4356-437C-A869-7CD3E7371489} = {A595FEDB-9975-4ED1-958C-A8D16D4B1CF5}
		{D6E5A27A-973C-4916-A21C-977F6579EF5F} = {A595FEDB-9975-4ED1-958C-A8D16D4B1CF5}
		{413F93A4-7009-4525-94FF-A13F2EEE5A45} = {809A6560-8338-4EAC-97AE-C74DD19977CB}
		{72246F45-86E7-408A-84C8-52B7616FE653} = {809A6560-8338-4EAC-97AE-C74DD19977CB}
		{4070501E-0D1B-464E-877D-6C0E026DFCF9} = {809A6560-8338-4EAC-97AE-C74DD19977CB}
		{46799D1D-FA59-47DB-8AD0-1B7613240662} = {1422E38A-2897-4FD2-86FA-2DCA047F7A35}
		{8B78E4E6-E7ED-432A-803D-00166C976233} = {1422E38A-2897-4FD2-86FA-2DCA047F7A35}
		{9585632D-4575-4443-B54E-3DF65A749577} = {1422E38A-2897-4FD2-86FA-2DCA047F7A35}
		{F918C933-F261-43E6-94C7-77EA2CDB4332} = {22CF7DD4-8A60-4005-B195-0A0CFA2A28D0}
		{B067C590-B9C5-48AC-9902-1E9DCF7C89AC} = {22CF7DD4-8A60-4005-B195-0A0CFA2A28D0}
		{967F3BB2-3884-470B-B4A5-A45E85A53CBC} = {22CF7DD4-8A60-4005-B195-0A0CFA2A28D0}
		{B9839EB3-96BE-4639-A93C-BFCFC1EBC665} = {6BDCD628-031C-437C-8060-4C7A625C3B52}
		{FD815350-9013-4C19-BC37-074BC2B3F8BD} = {6BDCD628-031C-437C-8060-4C7A625C3B52}
		{FD5184FC-58F2-40A8-B2EF-61BA19C38B55} = {6BDCD628-031C-437C-8060-4C7A625C3B52}
		{D9AFEF48-8AE3-427E-BC3E-918D8936384D} = {E08A50F7-97BB-4EF1-8E23-2A953EA8EBDA}
		{610D7805-D39B-4294-8D99-EB5FADF62B85} = {E08A50F7-97BB-4EF1-8E23-2A953EA8EBDA}
		{7CFBB738-9828-4A6F-B2AB-FF2C78CDFD7A} = {E08A50F7-97BB-4EF1-8E23-2A953EA8EBDA}
	EndGlobalSection
	GlobalSection(ExtensibilityGlobals) = postSolution
		SolutionGuid = {A892A316-5C55-4A70-A522-EDC15AD52644}
	EndGlobalSection
EndGlobal
